
Microsoft Visual Studio Solution File, Format Version 12.00
# Visual Studio Version 17
VisualStudioVersion = 17.6.33723.286
MinimumVisualStudioVersion = 10.0.40219.1
Project("{FAE04EC0-301F-11D3-BF4B-00C04F79EFBC}") = "ShiftProjectBasic", "ShiftProjectBasic\ShiftProjectBasic.csproj", "{10AEC212-C0D5-4D06-BFDD-722570282C98}"
EndProject
Global
	GlobalSection(SolutionConfigurationPlatforms) = preSolution
		Debug|Any CPU = Debug|Any CPU
		Release|Any CPU = Release|Any CPU
	EndGlobalSection
	GlobalSection(ProjectConfigurationPlatforms) = postSolution
		{10AEC212-C0D5-4D06-BFDD-722570282C98}.Debug|Any CPU.ActiveCfg = Debug|Any CPU
		{10AEC212-C0D5-4D06-BFDD-722570282C98}.Debug|Any CPU.Build.0 = Debug|Any CPU
		{10AEC212-C0D5-4D06-BFDD-722570282C98}.Release|Any CPU.ActiveCfg = Release|Any CPU
		{10AEC212-C0D5-4D06-BFDD-722570282C98}.Release|Any CPU.Build.0 = Release|Any CPU
	EndGlobalSection
	GlobalSection(SolutionProperties) = preSolution
		HideSolutionNode = FALSE
	EndGlobalSection
	GlobalSection(ExtensibilityGlobals) = postSolution
		SolutionGuid = {8CF0FE08-3BDB-4232-A2CE-30CB5CD86C59}
	EndGlobalSection
EndGlobal
